
Microsoft Visual Studio Solution File, Format Version 12.00
# Visual Studio Version 17
VisualStudioVersion = 17.11.35327.3
MinimumVisualStudioVersion = 10.0.40219.1
Project("{FAE04EC0-301F-11D3-BF4B-00C04F79EFBC}") = "HMS-GroupProject", "HMS-GroupProject\HMS-GroupProject.csproj", "{9C913E30-26D3-4269-854E-FD0471B8D4B6}"
EndProject
Project("{2150E333-8FDC-42A3-9474-1A3956D46DE8}") = "Solution Items", "Solution Items", "{DE939E00-B305-4600-84EF-E7C9F40AE57C}"
	ProjectSection(SolutionItems) = preProject
		bckPic1.jpg = bckPic1.jpg
		mainCont.jpg = mainCont.jpg
	EndProjectSection
EndProject
Global
	GlobalSection(SolutionConfigurationPlatforms) = preSolution
		Debug|Any CPU = Debug|Any CPU
		Release|Any CPU = Release|Any CPU
	EndGlobalSection
	GlobalSection(ProjectConfigurationPlatforms) = postSolution
		{9C913E30-26D3-4269-854E-FD0471B8D4B6}.Debug|Any CPU.ActiveCfg = Debug|Any CPU
		{9C913E30-26D3-4269-854E-FD0471B8D4B6}.Debug|Any CPU.Build.0 = Debug|Any CPU
		{9C913E30-26D3-4269-854E-FD0471B8D4B6}.Release|Any CPU.ActiveCfg = Release|Any CPU
		{9C913E30-26D3-4269-854E-FD0471B8D4B6}.Release|Any CPU.Build.0 = Release|Any CPU
	EndGlobalSection
	GlobalSection(SolutionProperties) = preSolution
		HideSolutionNode = FALSE
	EndGlobalSection
	GlobalSection(ExtensibilityGlobals) = postSolution
		SolutionGuid = {E8962946-D3FE-4226-8036-C87AEC5DD037}
	EndGlobalSection
EndGlobal
